
Microsoft Visual Studio Solution File, Format Version 12.00
# Visual Studio Version 17
VisualStudioVersion = 17.11.35312.102
MinimumVisualStudioVersion = 10.0.40219.1
Project("{FAE04EC0-301F-11D3-BF4B-00C04F79EFBC}") = "vetkonnect.Server", "vetkonnect.Server\vetkonnect.Server.csproj", "{CACCF7C1-D3D4-4762-A1B8-41A634DFD573}"
EndProject
Project("{54A90642-561A-4BB1-A94E-469ADEE60C69}") = "vetkonnect.client", "vetkonnect.client\vetkonnect.client.esproj", "{6A0756F2-046B-4F82-8F5A-5698B458CBF8}"
EndProject
Global
	GlobalSection(SolutionConfigurationPlatforms) = preSolution
		Debug|Any CPU = Debug|Any CPU
		Release|Any CPU = Release|Any CPU
	EndGlobalSection
	GlobalSection(ProjectConfigurationPlatforms) = postSolution
		{CACCF7C1-D3D4-4762-A1B8-41A634DFD573}.Debug|Any CPU.ActiveCfg = Debug|Any CPU
		{CACCF7C1-D3D4-4762-A1B8-41A634DFD573}.Debug|Any CPU.Build.0 = Debug|Any CPU
		{CACCF7C1-D3D4-4762-A1B8-41A634DFD573}.Release|Any CPU.ActiveCfg = Release|Any CPU
		{CACCF7C1-D3D4-4762-A1B8-41A634DFD573}.Release|Any CPU.Build.0 = Release|Any CPU
		{6A0756F2-046B-4F82-8F5A-5698B458CBF8}.Debug|Any CPU.ActiveCfg = Debug|Any CPU
		{6A0756F2-046B-4F82-8F5A-5698B458CBF8}.Debug|Any CPU.Build.0 = Debug|Any CPU
		{6A0756F2-046B-4F82-8F5A-5698B458CBF8}.Debug|Any CPU.Deploy.0 = Debug|Any CPU
		{6A0756F2-046B-4F82-8F5A-5698B458CBF8}.Release|Any CPU.ActiveCfg = Release|Any CPU
		{6A0756F2-046B-4F82-8F5A-5698B458CBF8}.Release|Any CPU.Build.0 = Release|Any CPU
		{6A0756F2-046B-4F82-8F5A-5698B458CBF8}.Release|Any CPU.Deploy.0 = Release|Any CPU
	EndGlobalSection
	GlobalSection(SolutionProperties) = preSolution
		HideSolutionNode = FALSE
	EndGlobalSection
	GlobalSection(ExtensibilityGlobals) = postSolution
		SolutionGuid = {11A9F541-D5C8-4C19-A2CB-6CDC44CE3A10}
	EndGlobalSection
EndGlobal
